<?xml version="1.0" encoding="utf-8"?>
<Project ToolsVersion="4.0" xmlns="http://schemas.microsoft.com/developer/msbuild/2003">
  <ItemGroup>
    <Filter Include="Source Files">
      <UniqueIdentifier>{4FC737F1-C7A5-4376-A066-2A32D752A2FF}</UniqueIdentifier>
      <Extensions>cpp;c;cc;cxx;def;odl;idl;hpj;bat;asm;asmx</Extensions>
    </Filter>
    <Filter Include="Header Files">
      <UniqueIdentifier>{93995380-89BD-4b04-88EB-625FBE52EBFB}</UniqueIdentifier>
      <Extensions>h;hh;hpp;hxx;hm;inl;inc;xsd</Extensions>
    </Filter>
    <Filter Include="Resource Files">
      <UniqueIdentifier>{67DA6AB6-F800-4c08-8B7A-83BB121AAD01}</UniqueIdentifier>
      <Extensions>rc;ico;cur;bmp;dlg;rc2;rct;bin;rgs;gif;jpg;jpeg;jpe;resx;tiff;tif;png;wav;mfcribbon-ms</Extensions>
    </Filter>
  </ItemGroup>
  <ItemGroup>
    <ClCompile Include="Source.cpp">
      <Filter>Source Files</Filter>
    </ClCompile>
    <ClCompile Include="allegroguillem.cpp">
      <Filter>Source Files</Filter>
    </ClCompile>
    <ClCompile Include="atklist.cpp">
      <Filter>Source Files</Filter>
    </ClCompile>
    <ClCompile Include="objectslist.cpp">
      <Filter>Source Files</Filter>
    </ClCompile>
    <ClCompile Include="fkmlist.cpp">
      <Filter>Source Files</Filter>
    </ClCompile>
    <ClCompile Include="trainerlist.cpp">
      <Filter>Source Files</Filter>
    </ClCompile>
    <ClCompile Include="firstoptions.cpp">
      <Filter>Source Files</Filter>
    </ClCompile>
    <ClCompile Include="arrowlogic.cpp">
      <Filter>Source Files</Filter>
    </ClCompile>
    <ClCompile Include="load.cpp">
      <Filter>Source Files</Filter>
    </ClCompile>
    <ClCompile Include="savedata.cpp">
      <Filter>Source Files</Filter>
    </ClCompile>
    <ClCompile Include="menu.cpp">
      <Filter>Source Files</Filter>
    </ClCompile>
    <ClCompile Include="team.cpp">
      <Filter>Source Files</Filter>
    </ClCompile>
    <ClCompile Include="growingup.cpp">
      <Filter>Source Files</Filter>
    </ClCompile>
    <ClCompile Include="graphics.cpp">
      <Filter>Source Files</Filter>
    </ClCompile>
    <ClCompile Include="generate.cpp">
      <Filter>Source Files</Filter>
    </ClCompile>
    <ClCompile Include="calculator.cpp">
      <Filter>Source Files</Filter>
    </ClCompile>
    <ClCompile Include="training.cpp">
      <Filter>Source Files</Filter>
    </ClCompile>
    <ClCompile Include="combat.cpp">
      <Filter>Source Files</Filter>
    </ClCompile>
    <ClCompile Include="mart.cpp">
      <Filter>Source Files</Filter>
    </ClCompile>
    <ClCompile Include="bag.cpp">
      <Filter>Source Files</Filter>
    </ClCompile>
    <ClCompile Include="tournament.cpp">
      <Filter>Source Files</Filter>
    </ClCompile>
  </ItemGroup>
  <ItemGroup>
    <Image Include="..\001.png">
      <Filter>Resource Files</Filter>
    </Image>
  </ItemGroup>
  <ItemGroup>
    <ClInclude Include="allegroguillem.h">
      <Filter>Header Files</Filter>
    </ClInclude>
    <ClInclude Include="types.h">
      <Filter>Header Files</Filter>
    </ClInclude>
    <ClInclude Include="objectslist.h">
      <Filter>Header Files</Filter>
    </ClInclude>
    <ClInclude Include="fkmlist.h">
      <Filter>Header Files</Filter>
    </ClInclude>
    <ClInclude Include="atklist.h">
      <Filter>Header Files</Filter>
    </ClInclude>
    <ClInclude Include="firstoptions.h">
      <Filter>Header Files</Filter>
    </ClInclude>
    <ClInclude Include="trainerlist.h">
      <Filter>Header Files</Filter>
    </ClInclude>
    <ClInclude Include="arrowlogic.h">
      <Filter>Header Files</Filter>
    </ClInclude>
    <ClInclude Include="load.h">
      <Filter>Header Files</Filter>
    </ClInclude>
    <ClInclude Include="savedata.h">
      <Filter>Header Files</Filter>
    </ClInclude>
    <ClInclude Include="menu.h">
      <Filter>Header Files</Filter>
    </ClInclude>
    <ClInclude Include="team.h">
      <Filter>Header Files</Filter>
    </ClInclude>
    <ClInclude Include="growingup.h">
      <Filter>Header Files</Filter>
    </ClInclude>
    <ClInclude Include="graphics.h">
      <Filter>Header Files</Filter>
    </ClInclude>
    <ClInclude Include="generate.h">
      <Filter>Header Files</Filter>
    </ClInclude>
    <ClInclude Include="calculator.h">
      <Filter>Header Files</Filter>
    </ClInclude>
    <ClInclude Include="training.h">
      <Filter>Header Files</Filter>
    </ClInclude>
    <ClInclude Include="combat.h">
      <Filter>Header Files</Filter>
    </ClInclude>
    <ClInclude Include="mart.h">
      <Filter>Header Files</Filter>
    </ClInclude>
    <ClInclude Include="bag.h">
      <Filter>Header Files</Filter>
    </ClInclude>
    <ClInclude Include="tournament.h">
      <Filter>Header Files</Filter>
    </ClInclude>
  </ItemGroup>
</Project>